
Microsoft Visual Studio Solution File, Format Version 12.00
# Visual Studio Version 16
VisualStudioVersion = 16.0.34114.132
MinimumVisualStudioVersion = 10.0.40219.1
Project("{FAE04EC0-301F-11D3-BF4B-00C04F79EFBC}") = "GenericAI.App", "GenericAI.App\GenericAI.App.csproj", "{C3F3E335-3924-4B95-98BF-225AAC926513}"
	ProjectSection(ProjectDependencies) = postProject
		{792EDAE7-4861-4344-BA00-252E8B237B49} = {792EDAE7-4861-4344-BA00-252E8B237B49}
	EndProjectSection
EndProject
Project("{8BC9CEB8-8B4A-11D0-8D11-00A0C91BC942}") = "GenericAI.Native", "GenericAI.Native\GenericAI.Native.vcxproj", "{792EDAE7-4861-4344-BA00-252E8B237B49}"
EndProject
Project("{8BC9CEB8-8B4A-11D0-8D11-00A0C91BC942}") = "GenericAI.Native.Tests", "GenericAI.Native.Tests\GenericAI.Native.Tests.vcxproj", "{CC73D1D9-68AA-42D8-897B-283EA4C3598B}"
EndProject
Project("{FAE04EC0-301F-11D3-BF4B-00C04F79EFBC}") = "GenericAI.App.Tests", "GenericAI.App.Tests\GenericAI.App.Tests.csproj", "{448619F9-1E62-4597-9594-4D938DB178B1}"
EndProject
Global
	GlobalSection(SolutionConfigurationPlatforms) = preSolution
		Debug|x64 = Debug|x64
		Release|x64 = Release|x64
	EndGlobalSection
	GlobalSection(ProjectConfigurationPlatforms) = postSolution
		{C3F3E335-3924-4B95-98BF-225AAC926513}.Debug|x64.ActiveCfg = Debug|x64
		{C3F3E335-3924-4B95-98BF-225AAC926513}.Debug|x64.Build.0 = Debug|x64
		{C3F3E335-3924-4B95-98BF-225AAC926513}.Release|x64.ActiveCfg = Release|x64
		{C3F3E335-3924-4B95-98BF-225AAC926513}.Release|x64.Build.0 = Release|x64
		{792EDAE7-4861-4344-BA00-252E8B237B49}.Debug|x64.ActiveCfg = Debug|x64
		{792EDAE7-4861-4344-BA00-252E8B237B49}.Debug|x64.Build.0 = Debug|x64
		{792EDAE7-4861-4344-BA00-252E8B237B49}.Release|x64.ActiveCfg = Release|x64
		{792EDAE7-4861-4344-BA00-252E8B237B49}.Release|x64.Build.0 = Release|x64
		{CC73D1D9-68AA-42D8-897B-283EA4C3598B}.Debug|x64.ActiveCfg = Debug|x64
		{CC73D1D9-68AA-42D8-897B-283EA4C3598B}.Debug|x64.Build.0 = Debug|x64
		{CC73D1D9-68AA-42D8-897B-283EA4C3598B}.Release|x64.ActiveCfg = Release|x64
		{CC73D1D9-68AA-42D8-897B-283EA4C3598B}.Release|x64.Build.0 = Release|x64
		{448619F9-1E62-4597-9594-4D938DB178B1}.Debug|x64.ActiveCfg = Debug|x64
		{448619F9-1E62-4597-9594-4D938DB178B1}.Debug|x64.Build.0 = Debug|x64
		{448619F9-1E62-4597-9594-4D938DB178B1}.Release|x64.ActiveCfg = Release|x64
		{448619F9-1E62-4597-9594-4D938DB178B1}.Release|x64.Build.0 = Release|x64
	EndGlobalSection
	GlobalSection(SolutionProperties) = preSolution
		HideSolutionNode = FALSE
	EndGlobalSection
	GlobalSection(ExtensibilityGlobals) = postSolution
		SolutionGuid = {ED8CB707-2D2D-4AC9-8C1A-467FF99A0F27}
	EndGlobalSection
EndGlobal
