
Microsoft Visual Studio Solution File, Format Version 12.00
# Visual Studio Version 16
VisualStudioVersion = 16.0.34114.132
MinimumVisualStudioVersion = 10.0.40219.1
Project("{FAE04EC0-301F-11D3-BF4B-00C04F79EFBC}") = "GenericAI.App", "GenericAI.App\GenericAI.App.csproj", "{C15EECF9-A882-434A-9F81-6CE40E582F2E}"
	ProjectSection(ProjectDependencies) = postProject
		{19EAC631-E77A-47DA-A359-3B4918AD0FF7} = {19EAC631-E77A-47DA-A359-3B4918AD0FF7}
	EndProjectSection
EndProject
Project("{8BC9CEB8-8B4A-11D0-8D11-00A0C91BC942}") = "GenericAI.Native", "GenericAI.Native\GenericAI.Native.vcxproj", "{19EAC631-E77A-47DA-A359-3B4918AD0FF7}"
EndProject
Global
	GlobalSection(SolutionConfigurationPlatforms) = preSolution
		Debug|x64 = Debug|x64
		Release|x64 = Release|x64
		Release-NoZmq|x64 = Release-NoZmq|x64
	EndGlobalSection
	GlobalSection(ProjectConfigurationPlatforms) = postSolution
		{C15EECF9-A882-434A-9F81-6CE40E582F2E}.Debug|x64.ActiveCfg = Debug|x64
		{C15EECF9-A882-434A-9F81-6CE40E582F2E}.Debug|x64.Build.0 = Debug|x64
		{C15EECF9-A882-434A-9F81-6CE40E582F2E}.Release|x64.ActiveCfg = Release|x64
		{C15EECF9-A882-434A-9F81-6CE40E582F2E}.Release|x64.Build.0 = Release|x64
		{19EAC631-E77A-47DA-A359-3B4918AD0FF7}.Debug|x64.ActiveCfg = Debug|x64
		{19EAC631-E77A-47DA-A359-3B4918AD0FF7}.Debug|x64.Build.0 = Debug|x64
		{19EAC631-E77A-47DA-A359-3B4918AD0FF7}.Release|x64.ActiveCfg = Release|x64
		{19EAC631-E77A-47DA-A359-3B4918AD0FF7}.Release|x64.Build.0 = Release|x64
		{C15EECF9-A882-434A-9F81-6CE40E582F2E}.Release-NoZmq|x64.ActiveCfg = Release-NoZmq|x64
		{C15EECF9-A882-434A-9F81-6CE40E582F2E}.Release-NoZmq|x64.Build.0 = Release-NoZmq|x64
		{19EAC631-E77A-47DA-A359-3B4918AD0FF7}.Release-NoZmq|x64.ActiveCfg = Release-NoZmq|x64
		{19EAC631-E77A-47DA-A359-3B4918AD0FF7}.Release-NoZmq|x64.Build.0 = Release-NoZmq|x64
	EndGlobalSection
	GlobalSection(SolutionProperties) = preSolution
		HideSolutionNode = FALSE
	EndGlobalSection
	GlobalSection(ExtensibilityGlobals) = postSolution
		SolutionGuid = {9F1F11ED-9F49-4FB6-AC82-7276450BEE02}
	EndGlobalSection
EndGlobal
